
Microsoft Visual Studio Solution File, Format Version 12.00
# Visual Studio 15
VisualStudioVersion = 15.0.28010.2026
MinimumVisualStudioVersion = 10.0.40219.1
Project("{9A19103F-16F7-4668-BE54-9A1E7A4F7556}") = "Marvin.StreamExtensions.Test", "Test\Marvin.StreamExtensions.Test\Marvin.StreamExtensions.Test.csproj", "{3E3631EA-DB99-4F15-B0BD-411792BD4C17}"
EndProject
Project("{FAE04EC0-301F-11D3-BF4B-00C04F79EFBC}") = "Marvin.StreamExtensions", "src\Marvin.StreamExtensions\Marvin.StreamExtensions.csproj", "{FEACFB0D-6410-4C36-8EC9-0014FA2E4C44}"
EndProject
Global
	GlobalSection(SolutionConfigurationPlatforms) = preSolution
		Debug|Any CPU = Debug|Any CPU
		Release|Any CPU = Release|Any CPU
	EndGlobalSection
	GlobalSection(ProjectConfigurationPlatforms) = postSolution
		{3E3631EA-DB99-4F15-B0BD-411792BD4C17}.Debug|Any CPU.ActiveCfg = Debug|Any CPU
		{3E3631EA-DB99-4F15-B0BD-411792BD4C17}.Debug|Any CPU.Build.0 = Debug|Any CPU
		{3E3631EA-DB99-4F15-B0BD-411792BD4C17}.Release|Any CPU.ActiveCfg = Release|Any CPU
		{3E3631EA-DB99-4F15-B0BD-411792BD4C17}.Release|Any CPU.Build.0 = Release|Any CPU
		{FEACFB0D-6410-4C36-8EC9-0014FA2E4C44}.Debug|Any CPU.ActiveCfg = Debug|Any CPU
		{FEACFB0D-6410-4C36-8EC9-0014FA2E4C44}.Debug|Any CPU.Build.0 = Debug|Any CPU
		{FEACFB0D-6410-4C36-8EC9-0014FA2E4C44}.Release|Any CPU.ActiveCfg = Release|Any CPU
		{FEACFB0D-6410-4C36-8EC9-0014FA2E4C44}.Release|Any CPU.Build.0 = Release|Any CPU
	EndGlobalSection
	GlobalSection(SolutionProperties) = preSolution
		HideSolutionNode = FALSE
	EndGlobalSection
	GlobalSection(ExtensibilityGlobals) = postSolution
		SolutionGuid = {4B7AC53D-3776-49A2-9614-10AA469D1A63}
	EndGlobalSection
EndGlobal
